
Microsoft Visual Studio Solution File, Format Version 12.00
# Visual Studio Version 16
VisualStudioVersion = 16.0.31702.278
MinimumVisualStudioVersion = 10.0.40219.1
Project("{FAE04EC0-301F-11D3-BF4B-00C04F79EFBC}") = "bai_06", "bai_06\bai_06.csproj", "{136D0A63-BF33-4393-A56B-AB85BDBB76EA}"
EndProject
Global
	GlobalSection(SolutionConfigurationPlatforms) = preSolution
		Debug|Any CPU = Debug|Any CPU
		Release|Any CPU = Release|Any CPU
	EndGlobalSection
	GlobalSection(ProjectConfigurationPlatforms) = postSolution
		{136D0A63-BF33-4393-A56B-AB85BDBB76EA}.Debug|Any CPU.ActiveCfg = Debug|Any CPU
		{136D0A63-BF33-4393-A56B-AB85BDBB76EA}.Debug|Any CPU.Build.0 = Debug|Any CPU
		{136D0A63-BF33-4393-A56B-AB85BDBB76EA}.Release|Any CPU.ActiveCfg = Release|Any CPU
		{136D0A63-BF33-4393-A56B-AB85BDBB76EA}.Release|Any CPU.Build.0 = Release|Any CPU
	EndGlobalSection
	GlobalSection(SolutionProperties) = preSolution
		HideSolutionNode = FALSE
	EndGlobalSection
	GlobalSection(ExtensibilityGlobals) = postSolution
		SolutionGuid = {CCFD2CBC-C0DB-4165-BFB1-906438A99323}
	EndGlobalSection
EndGlobal
