
Microsoft Visual Studio Solution File, Format Version 12.00
# Visual Studio Version 16
VisualStudioVersion = 16.0.31702.278
MinimumVisualStudioVersion = 10.0.40219.1
Project("{FAE04EC0-301F-11D3-BF4B-00C04F79EFBC}") = "Bai_04", "Bai_04\Bai_04.csproj", "{9AFC899A-F76D-415D-82FE-0BB687F41F81}"
EndProject
Global
	GlobalSection(SolutionConfigurationPlatforms) = preSolution
		Debug|Any CPU = Debug|Any CPU
		Release|Any CPU = Release|Any CPU
	EndGlobalSection
	GlobalSection(ProjectConfigurationPlatforms) = postSolution
		{9AFC899A-F76D-415D-82FE-0BB687F41F81}.Debug|Any CPU.ActiveCfg = Debug|Any CPU
		{9AFC899A-F76D-415D-82FE-0BB687F41F81}.Debug|Any CPU.Build.0 = Debug|Any CPU
		{9AFC899A-F76D-415D-82FE-0BB687F41F81}.Release|Any CPU.ActiveCfg = Release|Any CPU
		{9AFC899A-F76D-415D-82FE-0BB687F41F81}.Release|Any CPU.Build.0 = Release|Any CPU
	EndGlobalSection
	GlobalSection(SolutionProperties) = preSolution
		HideSolutionNode = FALSE
	EndGlobalSection
	GlobalSection(ExtensibilityGlobals) = postSolution
		SolutionGuid = {E2106F5A-750C-40FD-BDCB-A61CF616F605}
	EndGlobalSection
EndGlobal
