
Microsoft Visual Studio Solution File, Format Version 12.00
# Visual Studio Version 16
VisualStudioVersion = 16.0.31702.278
MinimumVisualStudioVersion = 10.0.40219.1
Project("{FAE04EC0-301F-11D3-BF4B-00C04F79EFBC}") = "baitap_02", "baitap_02\baitap_02.csproj", "{8B5B0874-B496-4178-9149-F572D4D8FEAA}"
EndProject
Global
	GlobalSection(SolutionConfigurationPlatforms) = preSolution
		Debug|Any CPU = Debug|Any CPU
		Release|Any CPU = Release|Any CPU
	EndGlobalSection
	GlobalSection(ProjectConfigurationPlatforms) = postSolution
		{8B5B0874-B496-4178-9149-F572D4D8FEAA}.Debug|Any CPU.ActiveCfg = Debug|Any CPU
		{8B5B0874-B496-4178-9149-F572D4D8FEAA}.Debug|Any CPU.Build.0 = Debug|Any CPU
		{8B5B0874-B496-4178-9149-F572D4D8FEAA}.Release|Any CPU.ActiveCfg = Release|Any CPU
		{8B5B0874-B496-4178-9149-F572D4D8FEAA}.Release|Any CPU.Build.0 = Release|Any CPU
	EndGlobalSection
	GlobalSection(SolutionProperties) = preSolution
		HideSolutionNode = FALSE
	EndGlobalSection
	GlobalSection(ExtensibilityGlobals) = postSolution
		SolutionGuid = {C8E4E794-63BC-45D3-8C30-F98D5E988514}
	EndGlobalSection
EndGlobal
