
Microsoft Visual Studio Solution File, Format Version 12.00
# Visual Studio Version 16
VisualStudioVersion = 16.0.31702.278
MinimumVisualStudioVersion = 10.0.40219.1
Project("{FAE04EC0-301F-11D3-BF4B-00C04F79EFBC}") = "BaiTap_03", "BaiTap_03\BaiTap_03.csproj", "{B9C69B10-2415-4E79-B7DF-5D6B162AC0FF}"
EndProject
Global
	GlobalSection(SolutionConfigurationPlatforms) = preSolution
		Debug|Any CPU = Debug|Any CPU
		Release|Any CPU = Release|Any CPU
	EndGlobalSection
	GlobalSection(ProjectConfigurationPlatforms) = postSolution
		{B9C69B10-2415-4E79-B7DF-5D6B162AC0FF}.Debug|Any CPU.ActiveCfg = Debug|Any CPU
		{B9C69B10-2415-4E79-B7DF-5D6B162AC0FF}.Debug|Any CPU.Build.0 = Debug|Any CPU
		{B9C69B10-2415-4E79-B7DF-5D6B162AC0FF}.Release|Any CPU.ActiveCfg = Release|Any CPU
		{B9C69B10-2415-4E79-B7DF-5D6B162AC0FF}.Release|Any CPU.Build.0 = Release|Any CPU
	EndGlobalSection
	GlobalSection(SolutionProperties) = preSolution
		HideSolutionNode = FALSE
	EndGlobalSection
	GlobalSection(ExtensibilityGlobals) = postSolution
		SolutionGuid = {AE9F1451-46EF-43E1-ABDC-180B154D9388}
	EndGlobalSection
EndGlobal
