
Microsoft Visual Studio Solution File, Format Version 12.00
# Visual Studio Version 16
VisualStudioVersion = 16.0.31702.278
MinimumVisualStudioVersion = 10.0.40219.1
Project("{FAE04EC0-301F-11D3-BF4B-00C04F79EFBC}") = "baitap_03", "baitap_03\baitap_03.csproj", "{44B40BCE-1D1A-4ABA-8B01-270224B734FC}"
EndProject
Global
	GlobalSection(SolutionConfigurationPlatforms) = preSolution
		Debug|Any CPU = Debug|Any CPU
		Release|Any CPU = Release|Any CPU
	EndGlobalSection
	GlobalSection(ProjectConfigurationPlatforms) = postSolution
		{44B40BCE-1D1A-4ABA-8B01-270224B734FC}.Debug|Any CPU.ActiveCfg = Debug|Any CPU
		{44B40BCE-1D1A-4ABA-8B01-270224B734FC}.Debug|Any CPU.Build.0 = Debug|Any CPU
		{44B40BCE-1D1A-4ABA-8B01-270224B734FC}.Release|Any CPU.ActiveCfg = Release|Any CPU
		{44B40BCE-1D1A-4ABA-8B01-270224B734FC}.Release|Any CPU.Build.0 = Release|Any CPU
	EndGlobalSection
	GlobalSection(SolutionProperties) = preSolution
		HideSolutionNode = FALSE
	EndGlobalSection
	GlobalSection(ExtensibilityGlobals) = postSolution
		SolutionGuid = {EBAD71D8-EC2B-4658-B0C9-E1A40F59670A}
	EndGlobalSection
EndGlobal
