
Microsoft Visual Studio Solution File, Format Version 12.00
# Visual Studio Version 16
VisualStudioVersion = 16.0.31702.278
MinimumVisualStudioVersion = 10.0.40219.1
Project("{FAE04EC0-301F-11D3-BF4B-00C04F79EFBC}") = "bai1", "bai1\bai1.csproj", "{27B906F0-F990-4E5E-B8C0-FEE42E287377}"
EndProject
Global
	GlobalSection(SolutionConfigurationPlatforms) = preSolution
		Debug|Any CPU = Debug|Any CPU
		Release|Any CPU = Release|Any CPU
	EndGlobalSection
	GlobalSection(ProjectConfigurationPlatforms) = postSolution
		{27B906F0-F990-4E5E-B8C0-FEE42E287377}.Debug|Any CPU.ActiveCfg = Debug|Any CPU
		{27B906F0-F990-4E5E-B8C0-FEE42E287377}.Debug|Any CPU.Build.0 = Debug|Any CPU
		{27B906F0-F990-4E5E-B8C0-FEE42E287377}.Release|Any CPU.ActiveCfg = Release|Any CPU
		{27B906F0-F990-4E5E-B8C0-FEE42E287377}.Release|Any CPU.Build.0 = Release|Any CPU
	EndGlobalSection
	GlobalSection(SolutionProperties) = preSolution
		HideSolutionNode = FALSE
	EndGlobalSection
	GlobalSection(ExtensibilityGlobals) = postSolution
		SolutionGuid = {D5BE4519-6D22-4C55-AC26-5E44A9B1D74C}
	EndGlobalSection
EndGlobal
